{
  "name": "praktika",
  "lockfileVersion": 2,
  "requires": true,
  "packages": {
    "": {
      "dependencies": {
        "scss": "^0.2.4"
      },
      "devDependencies": {
        "typescript": "^4.8.3"
      }
    },
    "node_modules/ometa": {
      "version": "0.2.2",
      "resolved": "https://registry.npmjs.org/ometa/-/ometa-0.2.2.tgz",
      "integrity": "sha512-LZuoK/yjU3FvrxPjUXUlZ1bavCfBPqauA7fsNdwi+AVhRdyk2IzgP3JRnevvjzQ6fKHdUw8YISshf53FmpHrng==",
      "engines": {
        "node": ">= 0.2.0"
      }
    },
    "node_modules/scss": {
      "version": "0.2.4",
      "resolved": "https://registry.npmjs.org/scss/-/scss-0.2.4.tgz",
      "integrity": "sha512-4u8V87F+Q/upVhUmhPnB4C1R11xojkRkWjExL2v0CX2EXTg18VrKd+9JWoeyCp2VEMdSpJsyAvVU+rVjogh51A==",
      "dependencies": {
        "ometa": "0.2.2"
      },
      "engines": {
        "node": ">= 0.2.0"
      }
    },
    "node_modules/typescript": {
      "version": "4.8.3",
      "resolved": "https://registry.npmjs.org/typescript/-/typescript-4.8.3.tgz",
      "integrity": "sha512-goMHfm00nWPa8UvR/CPSvykqf6dVV8x/dp0c5mFTMTIu0u0FlGWRioyy7Nn0PGAdHxpJZnuO/ut+PpQ8UiHAig==",
      "dev": true,
      "bin": {
        "tsc": "bin/tsc",
        "tsserver": "bin/tsserver"
      },
      "engines": {
        "node": ">=4.2.0"
      }
    }
  },
  "dependencies": {
    "ometa": {
      "version": "0.2.2",
      "resolved": "https://registry.npmjs.org/ometa/-/ometa-0.2.2.tgz",
      "integrity": "sha512-LZuoK/yjU3FvrxPjUXUlZ1bavCfBPqauA7fsNdwi+AVhRdyk2IzgP3JRnevvjzQ6fKHdUw8YISshf53FmpHrng=="
    },
    "scss": {
      "version": "0.2.4",
      "resolved": "https://registry.npmjs.org/scss/-/scss-0.2.4.tgz",
      "integrity": "sha512-4u8V87F+Q/upVhUmhPnB4C1R11xojkRkWjExL2v0CX2EXTg18VrKd+9JWoeyCp2VEMdSpJsyAvVU+rVjogh51A==",
      "requires": {
        "ometa": "0.2.2"
      }
    },
    "typescript": {
      "version": "4.8.3",
      "resolved": "https://registry.npmjs.org/typescript/-/typescript-4.8.3.tgz",
      "integrity": "sha512-goMHfm00nWPa8UvR/CPSvykqf6dVV8x/dp0c5mFTMTIu0u0FlGWRioyy7Nn0PGAdHxpJZnuO/ut+PpQ8UiHAig==",
      "dev": true
    }
  }
}
